{
  "originHash" : "9e200c8e70ab090614df09b6e5256025a9de70252df0fbb0fe585ef074c5b224",
  "pins" : [
    {
      "identity" : "alamofire",
      "kind" : "remoteSourceControl",
      "location" : "https://github.com/Alamofire/Alamofire",
      "state" : {
        "revision" : "b2fa556e4e48cbf06cf8c63def138c98f4b811fa",
        "version" : "5.8.0"
      }
    }
  ],
  "version" : 3
}
